// !$*UTF8*$!
{
	archiveVersion = 1;
	classes = {
	};
	objectVersion = 46;
	objects = {

/* Begin PBXBuildFile section */
		8433558A1F1E3CF0006274DF /* AppDelegate.swift in Sources */ = {isa = PBXBuildFile; fileRef = 843355891F1E3CF0006274DF /* AppDelegate.swift */; };
		8433558C1F1E3CF0006274DF /* ViewController.swift in Sources */ = {isa = PBXBuildFile; fileRef = 8433558B1F1E3CF0006274DF /* ViewController.swift */; };
		8433558F1F1E3CF0006274DF /* Main.storyboard in Resources */ = {isa = PBXBuildFile; fileRef = 8433558D1F1E3CF0006274DF /* Main.storyboard */; };
		843355911F1E3CF0006274DF /* Assets.xcassets in Resources */ = {isa = PBXBuildFile; fileRef = 843355901F1E3CF0006274DF /* Assets.xcassets */; };
		843355941F1E3CF0006274DF /* LaunchScreen.storyboard in Resources */ = {isa = PBXBuildFile; fileRef = 843355921F1E3CF0006274DF /* LaunchScreen.storyboard */; };
/* End PBXBuildFile section */

/* Begin PBXFileReference section */
		843355861F1E3CF0006274DF /* ixCommunication.app */ = {isa = PBXFileReference; explicitFileType = wrapper.application; includeInIndex = 0; path = ixCommunication.app; sourceTree = BUILT_PRODUCTS_DIR; };
		843355891F1E3CF0006274DF /* AppDelegate.swift */ = {isa = PBXFileReference; lastKnownFileType = sourcecode.swift; path = AppDelegate.swift; sourceTree = "<group>"; };
		8433558B1F1E3CF0006274DF /* ViewController.swift */ = {isa = PBXFileReference; lastKnownFileType = sourcecode.swift; path = ViewController.swift; sourceTree = "<group>"; };
		8433558E1F1E3CF0006274DF /* Base */ = {isa = PBXFileReference; lastKnownFileType = file.storyboard; name = Base; path = Base.lproj/Main.storyboard; sourceTree = "<group>"; };
		843355901F1E3CF0006274DF /* Assets.xcassets */ = {isa = PBXFileReference; lastKnownFileType = folder.assetcatalog; path = Assets.xcassets; sourceTree = "<group>"; };
		843355931F1E3CF0006274DF /* Base */ = {isa = PBXFileReference; lastKnownFileType = file.storyboard; name = Base; path = Base.lproj/LaunchScreen.storyboard; sourceTree = "<group>"; };
		843355951F1E3CF0006274DF /* Info.plist */ = {isa = PBXFileReference; lastKnownFileType = text.plist.xml; path = Info.plist; sourceTree = "<group>"; };
/* End PBXFileReference section */

/* Begin PBXFrameworksBuildPhase section */
		843355831F1E3CF0006274DF /* Frameworks */ = {
			isa = PBXFrameworksBuildPhase;
			buildActionMask = 2147483647;
			files = (
			);
			runOnlyForDeploymentPostprocessing = 0;
		};
/* End PBXFrameworksBuildPhase section */

/* Begin PBXGroup section */
		8433557D1F1E3CF0006274DF = {
			isa = PBXGroup;
			children = (
				843355881F1E3CF0006274DF /* ixCommunication */,
				843355871F1E3CF0006274DF /* Products */,
			);
			sourceTree = "<group>";
		};
		843355871F1E3CF0006274DF /* Products */ = {
			isa = PBXGroup;
			children = (
				843355861F1E3CF0006274DF /* ixCommunication.app */,
			);
			name = Products;
			sourceTree = "<group>";
		};
		843355881F1E3CF0006274DF /* ixCommunication */ = {
			isa = PBXGroup;
			children = (
				843355891F1E3CF0006274DF /* AppDelegate.swift */,
				8433558B1F1E3CF0006274DF /* ViewController.swift */,
				8433558D1F1E3CF0006274DF /* Main.storyboard */,
				843355901F1E3CF0006274DF /* Assets.xcassets */,
				843355921F1E3CF0006274DF /* LaunchScreen.storyboard */,
				843355951F1E3CF0006274DF /* Info.plist */,
			);
			path = ixCommunication;
			sourceTree = "<group>";
		};
/* End PBXGroup section */

/* Begin PBXNativeTarget section */
		843355851F1E3CF0006274DF /* ixCommunication */ = {
			isa = PBXNativeTarget;
			buildConfigurationList = 843355981F1E3CF0006274DF /* Build configuration list for PBXNativeTarget "ixCommunication" */;
			buildPhases = (
				843355821F1E3CF0006274DF /* Sources */,
				843355831F1E3CF0006274DF /* Frameworks */,
				843355841F1E3CF0006274DF /* Resources */,
			);
			buildRules = (
			);
			dependencies = (
			);
			name = ixCommunication;
			productName = ixCommunication;
			productReference = 843355861F1E3CF0006274DF /* ixCommunication.app */;
			productType = "com.apple.product-type.application";
		};
/* End PBXNativeTarget section */

/* Begin PBXProject section */
		8433557E1F1E3CF0006274DF /* Project object */ = {
			isa = PBXProject;
			attributes = {
				LastSwiftUpdateCheck = 0830;
				LastUpgradeCheck = 0830;
				ORGANIZATIONNAME = "Kavilan Nair";
				TargetAttributes = {
					843355851F1E3CF0006274DF = {
						CreatedOnToolsVersion = 8.3.3;
						ProvisioningStyle = Automatic;
					};
				};
			};
			buildConfigurationList = 843355811F1E3CF0006274DF /* Build configuration list for PBXProject "ixCommunication" */;
			compatibilityVersion = "Xcode 3.2";
			developmentRegion = English;
			hasScannedForEncodings = 0;
			knownRegions = (
				en,
				Base,
			);
			mainGroup = 8433557D1F1E3CF0006274DF;
			productRefGroup = 843355871F1E3CF0006274DF /* Products */;
			projectDirPath = "";
			projectRoot = "";
			targets = (
				843355851F1E3CF0006274DF /* ixCommunication */,
			);
		};
/* End PBXProject section */

/* Begin PBXResourcesBuildPhase section */
		843355841F1E3CF0006274DF /* Resources */ = {
			isa = PBXResourcesBuildPhase;
			buildActionMask = 2147483647;
			files = (
				843355941F1E3CF0006274DF /* LaunchScreen.storyboard in Resources */,
				843355911F1E3CF0006274DF /* Assets.xcassets in Resources */,
				8433558F1F1E3CF0006274DF /* Main.storyboard in Resources */,
			);
			runOnlyForDeploymentPostprocessing = 0;
		};
/* End PBXResourcesBuildPhase section */

/* Begin PBXSourcesBuildPhase section */
		843355821F1E3CF0006274DF /* Sources */ = {
			isa = PBXSourcesBuildPhase;
			buildActionMask = 2147483647;
			files = (
				8433558C1F1E3CF0006274DF /* ViewController.swift in Sources */,
				8433558A1F1E3CF0006274DF /* AppDelegate.swift in Sources */,
			);
			runOnlyForDeploymentPostprocessing = 0;
		};
/* End PBXSourcesBuildPhase section */

/* Begin PBXVariantGroup section */
		8433558D1F1E3CF0006274DF /* Main.storyboard */ = {
			isa = PBXVariantGroup;
			children = (
				8433558E1F1E3CF0006274DF /* Base */,
			);
			name = Main.storyboard;
			sourceTree = "<group>";
		};
		843355921F1E3CF0006274DF /* LaunchScreen.storyboard */ = {
			isa = PBXVariantGroup;
			children = (
				843355931F1E3CF0006274DF /* Base */,
			);
			name = LaunchScreen.storyboard;
			sourceTree = "<group>";
		};
/* End PBXVariantGroup section */

/* Begin XCBuildConfiguration section */
		843355961F1E3CF0006274DF /* Debug */ = {
			isa = XCBuildConfiguration;
			buildSettings = {
				ALWAYS_SEARCH_USER_PATHS = NO;
				CLANG_ANALYZER_NONNULL = YES;
				CLANG_ANALYZER_NUMBER_OBJECT_CONVERSION = YES_AGGRESSIVE;
				CLANG_CXX_LANGUAGE_STANDARD = "gnu++0x";
				CLANG_CXX_LIBRARY = "libc++";
				CLANG_ENABLE_MODULES = YES;
				CLANG_ENABLE_OBJC_ARC = YES;
				CLANG_WARN_BOOL_CONVERSION = YES;
				CLANG_WARN_CONSTANT_CONVERSION = YES;
				CLANG_WARN_DIRECT_OBJC_ISA_USAGE = YES_ERROR;
				CLANG_WARN_DOCUMENTATION_COMMENTS = YES;
				CLANG_WARN_EMPTY_BODY = YES;
				CLANG_WARN_ENUM_CONVERSION = YES;
				CLANG_WARN_INFINITE_RECURSION = YES;
				CLANG_WARN_INT_CONVERSION = YES;
				CLANG_WARN_OBJC_ROOT_CLASS = YES_ERROR;
				CLANG_WARN_SUSPICIOUS_MOVE = YES;
				CLANG_WARN_UNREACHABLE_CODE = YES;
				CLANG_WARN__DUPLICATE_METHOD_MATCH = YES;
				"CODE_SIGN_IDENTITY[sdk=iphoneos*]" = "iPhone Developer";
				COPY_PHASE_STRIP = NO;
				DEBUG_INFORMATION_FORMAT = dwarf;
				ENABLE_STRICT_OBJC_MSGSEND = YES;
				ENABLE_TESTABILITY = YES;
				GCC_C_LANGUAGE_STANDARD = gnu99;
				GCC_DYNAMIC_NO_PIC = NO;
				GCC_NO_COMMON_BLOCKS = YES;
				GCC_OPTIMIZATION_LEVEL = 0;
				GCC_PREPROCESSOR_DEFINITIONS = (
					"DEBUG=1",
					"$(inherited)",
				);
				GCC_WARN_64_TO_32_BIT_CONVERSION = YES;
				GCC_WARN_ABOUT_RETURN_TYPE = YES_ERROR;
				GCC_WARN_UNDECLARED_SELECTOR = YES;
				GCC_WARN_UNINITIALIZED_AUTOS = YES_AGGRESSIVE;
				GCC_WARN_UNUSED_FUNCTION = YES;
				GCC_WARN_UNUSED_VARIABLE = YES;
				IPHONEOS_DEPLOYMENT_TARGET = 10.3;
				MTL_ENABLE_DEBUG_INFO = YES;
				ONLY_ACTIVE_ARCH = YES;
				SDKROOT = iphoneos;
				SWIFT_ACTIVE_COMPILATION_CONDITIONS = DEBUG;
				SWIFT_OPTIMIZATION_LEVEL = "-Onone";
				TARGETED_DEVICE_FAMILY = "1,2";
			};
			name = Debug;
		};
		843355971F1E3CF0006274DF /* Release */ = {
			isa = XCBuildConfiguration;
			buildSettings = {
				ALWAYS_SEARCH_USER_PATHS = NO;
				CLANG_ANALYZER_NONNULL = YES;
				CLANG_ANALYZER_NUMBER_OBJECT_CONVERSION = YES_AGGRESSIVE;
				CLANG_CXX_LANGUAGE_STANDARD = "gnu++0x";
				CLANG_CXX_LIBRARY = "libc++";
				CLANG_ENABLE_MODULES = YES;
				CLANG_ENABLE_OBJC_ARC = YES;
				CLANG_WARN_BOOL_CONVERSION = YES;
				CLANG_WARN_CONSTANT_CONVERSION = YES;
				CLANG_WARN_DIRECT_OBJC_ISA_USAGE = YES_ERROR;
				CLANG_WARN_DOCUMENTATION_COMMENTS = YES;
				CLANG_WARN_EMPTY_BODY = YES;
				CLANG_WARN_ENUM_CONVERSION = YES;
				CLANG_WARN_INFINITE_RECURSION = YES;
				CLANG_WARN_INT_CONVERSION = YES;
				CLANG_WARN_OBJC_ROOT_CLASS = YES_ERROR;
				CLANG_WARN_SUSPICIOUS_MOVE = YES;
				CLANG_WARN_UNREACHABLE_CODE = YES;
				CLANG_WARN__DUPLICATE_METHOD_MATCH = YES;
				"CODE_SIGN_IDENTITY[sdk=iphoneos*]" = "iPhone Developer";
				COPY_PHASE_STRIP = NO;
				DEBUG_INFORMATION_FORMAT = "dwarf-with-dsym";
				ENABLE_NS_ASSERTIONS = NO;
				ENABLE_STRICT_OBJC_MSGSEND = YES;
				GCC_C_LANGUAGE_STANDARD = gnu99;
				GCC_NO_COMMON_BLOCKS = YES;
				GCC_WARN_64_TO_32_BIT_CONVERSION = YES;
				GCC_WARN_ABOUT_RETURN_TYPE = YES_ERROR;
				GCC_WARN_UNDECLARED_SELECTOR = YES;
				GCC_WARN_UNINITIALIZED_AUTOS = YES_AGGRESSIVE;
				GCC_WARN_UNUSED_FUNCTION = YES;
				GCC_WARN_UNUSED_VARIABLE = YES;
				IPHONEOS_DEPLOYMENT_TARGET = 10.3;
				MTL_ENABLE_DEBUG_INFO = NO;
				SDKROOT = iphoneos;
				SWIFT_OPTIMIZATION_LEVEL = "-Owholemodule";
				TARGETED_DEVICE_FAMILY = "1,2";
				VALIDATE_PRODUCT = YES;
			};
			name = Release;
		};
		843355991F1E3CF0006274DF /* Debug */ = {
			isa = XCBuildConfiguration;
			buildSettings = {
				ASSETCATALOG_COMPILER_APPICON_NAME = AppIcon;
				INFOPLIST_FILE = ixCommunication/Info.plist;
				LD_RUNPATH_SEARCH_PATHS = "$(inherited) @executable_path/Frameworks";
				PRODUCT_BUNDLE_IDENTIFIER = "Kavilan-Nair.ixCommunication";
				PRODUCT_NAME = "$(TARGET_NAME)";
				SWIFT_VERSION = 3.0;
			};
			name = Debug;
		};
		8433559A1F1E3CF0006274DF /* Release */ = {
			isa = XCBuildConfiguration;
			buildSettings = {
				ASSETCATALOG_COMPILER_APPICON_NAME = AppIcon;
				INFOPLIST_FILE = ixCommunication/Info.plist;
				LD_RUNPATH_SEARCH_PATHS = "$(inherited) @executable_path/Frameworks";
				PRODUCT_BUNDLE_IDENTIFIER = "Kavilan-Nair.ixCommunication";
				PRODUCT_NAME = "$(TARGET_NAME)";
				SWIFT_VERSION = 3.0;
			};
			name = Release;
		};
/* End XCBuildConfiguration section */

/* Begin XCConfigurationList section */
		843355811F1E3CF0006274DF /* Build configuration list for PBXProject "ixCommunication" */ = {
			isa = XCConfigurationList;
			buildConfigurations = (
				843355961F1E3CF0006274DF /* Debug */,
				843355971F1E3CF0006274DF /* Release */,
			);
			defaultConfigurationIsVisible = 0;
			defaultConfigurationName = Release;
		};
		843355981F1E3CF0006274DF /* Build configuration list for PBXNativeTarget "ixCommunication" */ = {
			isa = XCConfigurationList;
			buildConfigurations = (
				843355991F1E3CF0006274DF /* Debug */,
				8433559A1F1E3CF0006274DF /* Release */,
			);
			defaultConfigurationIsVisible = 0;
		};
/* End XCConfigurationList section */
	};
	rootObject = 8433557E1F1E3CF0006274DF /* Project object */;
}
