// !$*UTF8*$!
{
	archiveVersion = 1;
	classes = {
	};
	objectVersion = 46;
	objects = {

/* Begin PBXBuildFile section */
		1489095F30E86E21F0482059 /* Pods_ixCommunication.framework in Frameworks */ = {isa = PBXBuildFile; fileRef = 7B473F0956A0785E11DA43E2 /* Pods_ixCommunication.framework */; };
		8400A0451F1E3ED10011A660 /* GoogleService-Info.plist in Resources */ = {isa = PBXBuildFile; fileRef = 8400A0441F1E3ED10011A660 /* GoogleService-Info.plist */; };
		8433558A1F1E3CF0006274DF /* AppDelegate.swift in Sources */ = {isa = PBXBuildFile; fileRef = 843355891F1E3CF0006274DF /* AppDelegate.swift */; };
		8433558C1F1E3CF0006274DF /* ViewController.swift in Sources */ = {isa = PBXBuildFile; fileRef = 8433558B1F1E3CF0006274DF /* ViewController.swift */; };
		8433558F1F1E3CF0006274DF /* Main.storyboard in Resources */ = {isa = PBXBuildFile; fileRef = 8433558D1F1E3CF0006274DF /* Main.storyboard */; };
		843355911F1E3CF0006274DF /* Assets.xcassets in Resources */ = {isa = PBXBuildFile; fileRef = 843355901F1E3CF0006274DF /* Assets.xcassets */; };
		843355941F1E3CF0006274DF /* LaunchScreen.storyboard in Resources */ = {isa = PBXBuildFile; fileRef = 843355921F1E3CF0006274DF /* LaunchScreen.storyboard */; };
/* End PBXBuildFile section */

/* Begin PBXFileReference section */
		7B473F0956A0785E11DA43E2 /* Pods_ixCommunication.framework */ = {isa = PBXFileReference; explicitFileType = wrapper.framework; includeInIndex = 0; path = Pods_ixCommunication.framework; sourceTree = BUILT_PRODUCTS_DIR; };
		8400A0441F1E3ED10011A660 /* GoogleService-Info.plist */ = {isa = PBXFileReference; fileEncoding = 4; lastKnownFileType = text.plist.xml; path = "GoogleService-Info.plist"; sourceTree = "<group>"; };
		843355861F1E3CF0006274DF /* ixCommunication.app */ = {isa = PBXFileReference; explicitFileType = wrapper.application; includeInIndex = 0; path = ixCommunication.app; sourceTree = BUILT_PRODUCTS_DIR; };
		843355891F1E3CF0006274DF /* AppDelegate.swift */ = {isa = PBXFileReference; lastKnownFileType = sourcecode.swift; path = AppDelegate.swift; sourceTree = "<group>"; };
		8433558B1F1E3CF0006274DF /* ViewController.swift */ = {isa = PBXFileReference; lastKnownFileType = sourcecode.swift; path = ViewController.swift; sourceTree = "<group>"; };
		8433558E1F1E3CF0006274DF /* Base */ = {isa = PBXFileReference; lastKnownFileType = file.storyboard; name = Base; path = Base.lproj/Main.storyboard; sourceTree = "<group>"; };
		843355901F1E3CF0006274DF /* Assets.xcassets */ = {isa = PBXFileReference; lastKnownFileType = folder.assetcatalog; path = Assets.xcassets; sourceTree = "<group>"; };
		843355931F1E3CF0006274DF /* Base */ = {isa = PBXFileReference; lastKnownFileType = file.storyboard; name = Base; path = Base.lproj/LaunchScreen.storyboard; sourceTree = "<group>"; };
		843355951F1E3CF0006274DF /* Info.plist */ = {isa = PBXFileReference; lastKnownFileType = text.plist.xml; path = Info.plist; sourceTree = "<group>"; };
		9E55C21044C1B2D6D959560C /* Pods-ixCommunication.debug.xcconfig */ = {isa = PBXFileReference; includeInIndex = 1; lastKnownFileType = text.xcconfig; name = "Pods-ixCommunication.debug.xcconfig"; path = "Pods/Target Support Files/Pods-ixCommunication/Pods-ixCommunication.debug.xcconfig"; sourceTree = "<group>"; };
		C6170E941D7D853A42F2E86F /* Pods-ixCommunication.release.xcconfig */ = {isa = PBXFileReference; includeInIndex = 1; lastKnownFileType = text.xcconfig; name = "Pods-ixCommunication.release.xcconfig"; path = "Pods/Target Support Files/Pods-ixCommunication/Pods-ixCommunication.release.xcconfig"; sourceTree = "<group>"; };
/* End PBXFileReference section */

/* Begin PBXFrameworksBuildPhase section */
		843355831F1E3CF0006274DF /* Frameworks */ = {
			isa = PBXFrameworksBuildPhase;
			buildActionMask = 2147483647;
			files = (
				1489095F30E86E21F0482059 /* Pods_ixCommunication.framework in Frameworks */,
			);
			runOnlyForDeploymentPostprocessing = 0;
		};
/* End PBXFrameworksBuildPhase section */

/* Begin PBXGroup section */
		28B444F24744B530B898500E /* Frameworks */ = {
			isa = PBXGroup;
			children = (
				7B473F0956A0785E11DA43E2 /* Pods_ixCommunication.framework */,
			);
			name = Frameworks;
			sourceTree = "<group>";
		};
		3819AE3DCA78DA80CF2F64CE /* Pods */ = {
			isa = PBXGroup;
			children = (
				9E55C21044C1B2D6D959560C /* Pods-ixCommunication.debug.xcconfig */,
				C6170E941D7D853A42F2E86F /* Pods-ixCommunication.release.xcconfig */,
			);
			name = Pods;
			sourceTree = "<group>";
		};
		8433557D1F1E3CF0006274DF = {
			isa = PBXGroup;
			children = (
				843355881F1E3CF0006274DF /* ixCommunication */,
				843355871F1E3CF0006274DF /* Products */,
				3819AE3DCA78DA80CF2F64CE /* Pods */,
				28B444F24744B530B898500E /* Frameworks */,
			);
			sourceTree = "<group>";
		};
		843355871F1E3CF0006274DF /* Products */ = {
			isa = PBXGroup;
			children = (
				843355861F1E3CF0006274DF /* ixCommunication.app */,
			);
			name = Products;
			sourceTree = "<group>";
		};
		843355881F1E3CF0006274DF /* ixCommunication */ = {
			isa = PBXGroup;
			children = (
				8400A0441F1E3ED10011A660 /* GoogleService-Info.plist */,
				843355891F1E3CF0006274DF /* AppDelegate.swift */,
				8433558B1F1E3CF0006274DF /* ViewController.swift */,
				8433558D1F1E3CF0006274DF /* Main.storyboard */,
				843355901F1E3CF0006274DF /* Assets.xcassets */,
				843355921F1E3CF0006274DF /* LaunchScreen.storyboard */,
				843355951F1E3CF0006274DF /* Info.plist */,
			);
			path = ixCommunication;
			sourceTree = "<group>";
		};
/* End PBXGroup section */

/* Begin PBXNativeTarget section */
		843355851F1E3CF0006274DF /* ixCommunication */ = {
			isa = PBXNativeTarget;
			buildConfigurationList = 843355981F1E3CF0006274DF /* Build configuration list for PBXNativeTarget "ixCommunication" */;
			buildPhases = (
				D915FE0E2E913B830854718C /* [CP] Check Pods Manifest.lock */,
				843355821F1E3CF0006274DF /* Sources */,
				843355831F1E3CF0006274DF /* Frameworks */,
				843355841F1E3CF0006274DF /* Resources */,
				6BD3E78A8D5223D656046588 /* [CP] Embed Pods Frameworks */,
				4E9E0356BFA52F0F626331E2 /* [CP] Copy Pods Resources */,
			);
			buildRules = (
			);
			dependencies = (
			);
			name = ixCommunication;
			productName = ixCommunication;
			productReference = 843355861F1E3CF0006274DF /* ixCommunication.app */;
			productType = "com.apple.product-type.application";
		};
/* End PBXNativeTarget section */

/* Begin PBXProject section */
		8433557E1F1E3CF0006274DF /* Project object */ = {
			isa = PBXProject;
			attributes = {
				LastSwiftUpdateCheck = 0830;
				LastUpgradeCheck = 0830;
				ORGANIZATIONNAME = "Kavilan Nair";
				TargetAttributes = {
					843355851F1E3CF0006274DF = {
						CreatedOnToolsVersion = 8.3.3;
						ProvisioningStyle = Automatic;
					};
				};
			};
			buildConfigurationList = 843355811F1E3CF0006274DF /* Build configuration list for PBXProject "ixCommunication" */;
			compatibilityVersion = "Xcode 3.2";
			developmentRegion = English;
			hasScannedForEncodings = 0;
			knownRegions = (
				en,
				Base,
			);
			mainGroup = 8433557D1F1E3CF0006274DF;
			productRefGroup = 843355871F1E3CF0006274DF /* Products */;
			projectDirPath = "";
			projectRoot = "";
			targets = (
				843355851F1E3CF0006274DF /* ixCommunication */,
			);
		};
/* End PBXProject section */

/* Begin PBXResourcesBuildPhase section */
		843355841F1E3CF0006274DF /* Resources */ = {
			isa = PBXResourcesBuildPhase;
			buildActionMask = 2147483647;
			files = (
				843355941F1E3CF0006274DF /* LaunchScreen.storyboard in Resources */,
				8400A0451F1E3ED10011A660 /* GoogleService-Info.plist in Resources */,
				843355911F1E3CF0006274DF /* Assets.xcassets in Resources */,
				8433558F1F1E3CF0006274DF /* Main.storyboard in Resources */,
			);
			runOnlyForDeploymentPostprocessing = 0;
		};
/* End PBXResourcesBuildPhase section */

/* Begin PBXShellScriptBuildPhase section */
		4E9E0356BFA52F0F626331E2 /* [CP] Copy Pods Resources */ = {
			isa = PBXShellScriptBuildPhase;
			buildActionMask = 2147483647;
			files = (
			);
			inputPaths = (
			);
			name = "[CP] Copy Pods Resources";
			outputPaths = (
			);
			runOnlyForDeploymentPostprocessing = 0;
			shellPath = /bin/sh;
			shellScript = "\"${SRCROOT}/Pods/Target Support Files/Pods-ixCommunication/Pods-ixCommunication-resources.sh\"\n";
			showEnvVarsInLog = 0;
		};
		6BD3E78A8D5223D656046588 /* [CP] Embed Pods Frameworks */ = {
			isa = PBXShellScriptBuildPhase;
			buildActionMask = 2147483647;
			files = (
			);
			inputPaths = (
			);
			name = "[CP] Embed Pods Frameworks";
			outputPaths = (
			);
			runOnlyForDeploymentPostprocessing = 0;
			shellPath = /bin/sh;
			shellScript = "\"${SRCROOT}/Pods/Target Support Files/Pods-ixCommunication/Pods-ixCommunication-frameworks.sh\"\n";
			showEnvVarsInLog = 0;
		};
		D915FE0E2E913B830854718C /* [CP] Check Pods Manifest.lock */ = {
			isa = PBXShellScriptBuildPhase;
			buildActionMask = 2147483647;
			files = (
			);
			inputPaths = (
			);
			name = "[CP] Check Pods Manifest.lock";
			outputPaths = (
			);
			runOnlyForDeploymentPostprocessing = 0;
			shellPath = /bin/sh;
			shellScript = "diff \"${PODS_PODFILE_DIR_PATH}/Podfile.lock\" \"${PODS_ROOT}/Manifest.lock\" > /dev/null\nif [ $? != 0 ] ; then\n    # print error to STDERR\n    echo \"error: The sandbox is not in sync with the Podfile.lock. Run 'pod install' or update your CocoaPods installation.\" >&2\n    exit 1\nfi\n";
			showEnvVarsInLog = 0;
		};
/* End PBXShellScriptBuildPhase section */

/* Begin PBXSourcesBuildPhase section */
		843355821F1E3CF0006274DF /* Sources */ = {
			isa = PBXSourcesBuildPhase;
			buildActionMask = 2147483647;
			files = (
				8433558C1F1E3CF0006274DF /* ViewController.swift in Sources */,
				8433558A1F1E3CF0006274DF /* AppDelegate.swift in Sources */,
			);
			runOnlyForDeploymentPostprocessing = 0;
		};
/* End PBXSourcesBuildPhase section */

/* Begin PBXVariantGroup section */
		8433558D1F1E3CF0006274DF /* Main.storyboard */ = {
			isa = PBXVariantGroup;
			children = (
				8433558E1F1E3CF0006274DF /* Base */,
			);
			name = Main.storyboard;
			sourceTree = "<group>";
		};
		843355921F1E3CF0006274DF /* LaunchScreen.storyboard */ = {
			isa = PBXVariantGroup;
			children = (
				843355931F1E3CF0006274DF /* Base */,
			);
			name = LaunchScreen.storyboard;
			sourceTree = "<group>";
		};
/* End PBXVariantGroup section */

/* Begin XCBuildConfiguration section */
		843355961F1E3CF0006274DF /* Debug */ = {
			isa = XCBuildConfiguration;
			buildSettings = {
				ALWAYS_SEARCH_USER_PATHS = NO;
				CLANG_ANALYZER_NONNULL = YES;
				CLANG_ANALYZER_NUMBER_OBJECT_CONVERSION = YES_AGGRESSIVE;
				CLANG_CXX_LANGUAGE_STANDARD = "gnu++0x";
				CLANG_CXX_LIBRARY = "libc++";
				CLANG_ENABLE_MODULES = YES;
				CLANG_ENABLE_OBJC_ARC = YES;
				CLANG_WARN_BOOL_CONVERSION = YES;
				CLANG_WARN_CONSTANT_CONVERSION = YES;
				CLANG_WARN_DIRECT_OBJC_ISA_USAGE = YES_ERROR;
				CLANG_WARN_DOCUMENTATION_COMMENTS = YES;
				CLANG_WARN_EMPTY_BODY = YES;
				CLANG_WARN_ENUM_CONVERSION = YES;
				CLANG_WARN_INFINITE_RECURSION = YES;
				CLANG_WARN_INT_CONVERSION = YES;
				CLANG_WARN_OBJC_ROOT_CLASS = YES_ERROR;
				CLANG_WARN_SUSPICIOUS_MOVE = YES;
				CLANG_WARN_UNREACHABLE_CODE = YES;
				CLANG_WARN__DUPLICATE_METHOD_MATCH = YES;
				"CODE_SIGN_IDENTITY[sdk=iphoneos*]" = "iPhone Developer";
				COPY_PHASE_STRIP = NO;
				DEBUG_INFORMATION_FORMAT = dwarf;
				ENABLE_STRICT_OBJC_MSGSEND = YES;
				ENABLE_TESTABILITY = YES;
				GCC_C_LANGUAGE_STANDARD = gnu99;
				GCC_DYNAMIC_NO_PIC = NO;
				GCC_NO_COMMON_BLOCKS = YES;
				GCC_OPTIMIZATION_LEVEL = 0;
				GCC_PREPROCESSOR_DEFINITIONS = (
					"DEBUG=1",
					"$(inherited)",
				);
				GCC_WARN_64_TO_32_BIT_CONVERSION = YES;
				GCC_WARN_ABOUT_RETURN_TYPE = YES_ERROR;
				GCC_WARN_UNDECLARED_SELECTOR = YES;
				GCC_WARN_UNINITIALIZED_AUTOS = YES_AGGRESSIVE;
				GCC_WARN_UNUSED_FUNCTION = YES;
				GCC_WARN_UNUSED_VARIABLE = YES;
				IPHONEOS_DEPLOYMENT_TARGET = 10.3;
				MTL_ENABLE_DEBUG_INFO = YES;
				ONLY_ACTIVE_ARCH = YES;
				SDKROOT = iphoneos;
				SWIFT_ACTIVE_COMPILATION_CONDITIONS = DEBUG;
				SWIFT_OPTIMIZATION_LEVEL = "-Onone";
				TARGETED_DEVICE_FAMILY = "1,2";
			};
			name = Debug;
		};
		843355971F1E3CF0006274DF /* Release */ = {
			isa = XCBuildConfiguration;
			buildSettings = {
				ALWAYS_SEARCH_USER_PATHS = NO;
				CLANG_ANALYZER_NONNULL = YES;
				CLANG_ANALYZER_NUMBER_OBJECT_CONVERSION = YES_AGGRESSIVE;
				CLANG_CXX_LANGUAGE_STANDARD = "gnu++0x";
				CLANG_CXX_LIBRARY = "libc++";
				CLANG_ENABLE_MODULES = YES;
				CLANG_ENABLE_OBJC_ARC = YES;
				CLANG_WARN_BOOL_CONVERSION = YES;
				CLANG_WARN_CONSTANT_CONVERSION = YES;
				CLANG_WARN_DIRECT_OBJC_ISA_USAGE = YES_ERROR;
				CLANG_WARN_DOCUMENTATION_COMMENTS = YES;
				CLANG_WARN_EMPTY_BODY = YES;
				CLANG_WARN_ENUM_CONVERSION = YES;
				CLANG_WARN_INFINITE_RECURSION = YES;
				CLANG_WARN_INT_CONVERSION = YES;
				CLANG_WARN_OBJC_ROOT_CLASS = YES_ERROR;
				CLANG_WARN_SUSPICIOUS_MOVE = YES;
				CLANG_WARN_UNREACHABLE_CODE = YES;
				CLANG_WARN__DUPLICATE_METHOD_MATCH = YES;
				"CODE_SIGN_IDENTITY[sdk=iphoneos*]" = "iPhone Developer";
				COPY_PHASE_STRIP = NO;
				DEBUG_INFORMATION_FORMAT = "dwarf-with-dsym";
				ENABLE_NS_ASSERTIONS = NO;
				ENABLE_STRICT_OBJC_MSGSEND = YES;
				GCC_C_LANGUAGE_STANDARD = gnu99;
				GCC_NO_COMMON_BLOCKS = YES;
				GCC_WARN_64_TO_32_BIT_CONVERSION = YES;
				GCC_WARN_ABOUT_RETURN_TYPE = YES_ERROR;
				GCC_WARN_UNDECLARED_SELECTOR = YES;
				GCC_WARN_UNINITIALIZED_AUTOS = YES_AGGRESSIVE;
				GCC_WARN_UNUSED_FUNCTION = YES;
				GCC_WARN_UNUSED_VARIABLE = YES;
				IPHONEOS_DEPLOYMENT_TARGET = 10.3;
				MTL_ENABLE_DEBUG_INFO = NO;
				SDKROOT = iphoneos;
				SWIFT_OPTIMIZATION_LEVEL = "-Owholemodule";
				TARGETED_DEVICE_FAMILY = "1,2";
				VALIDATE_PRODUCT = YES;
			};
			name = Release;
		};
		843355991F1E3CF0006274DF /* Debug */ = {
			isa = XCBuildConfiguration;
			baseConfigurationReference = 9E55C21044C1B2D6D959560C /* Pods-ixCommunication.debug.xcconfig */;
			buildSettings = {
				ASSETCATALOG_COMPILER_APPICON_NAME = AppIcon;
				INFOPLIST_FILE = ixCommunication/Info.plist;
				LD_RUNPATH_SEARCH_PATHS = "$(inherited) @executable_path/Frameworks";
				PRODUCT_BUNDLE_IDENTIFIER = "Kavilan-Nair.ixCommunication";
				PRODUCT_NAME = "$(TARGET_NAME)";
				SWIFT_VERSION = 3.0;
			};
			name = Debug;
		};
		8433559A1F1E3CF0006274DF /* Release */ = {
			isa = XCBuildConfiguration;
			baseConfigurationReference = C6170E941D7D853A42F2E86F /* Pods-ixCommunication.release.xcconfig */;
			buildSettings = {
				ASSETCATALOG_COMPILER_APPICON_NAME = AppIcon;
				INFOPLIST_FILE = ixCommunication/Info.plist;
				LD_RUNPATH_SEARCH_PATHS = "$(inherited) @executable_path/Frameworks";
				PRODUCT_BUNDLE_IDENTIFIER = "Kavilan-Nair.ixCommunication";
				PRODUCT_NAME = "$(TARGET_NAME)";
				SWIFT_VERSION = 3.0;
			};
			name = Release;
		};
/* End XCBuildConfiguration section */

/* Begin XCConfigurationList section */
		843355811F1E3CF0006274DF /* Build configuration list for PBXProject "ixCommunication" */ = {
			isa = XCConfigurationList;
			buildConfigurations = (
				843355961F1E3CF0006274DF /* Debug */,
				843355971F1E3CF0006274DF /* Release */,
			);
			defaultConfigurationIsVisible = 0;
			defaultConfigurationName = Release;
		};
		843355981F1E3CF0006274DF /* Build configuration list for PBXNativeTarget "ixCommunication" */ = {
			isa = XCConfigurationList;
			buildConfigurations = (
				843355991F1E3CF0006274DF /* Debug */,
				8433559A1F1E3CF0006274DF /* Release */,
			);
			defaultConfigurationIsVisible = 0;
			defaultConfigurationName = Release;
		};
/* End XCConfigurationList section */
	};
	rootObject = 8433557E1F1E3CF0006274DF /* Project object */;
}
